
Microsoft Visual Studio Solution File, Format Version 12.00
Project("{FAE04EC0-301F-11D3-BF4B-00C04F79EFBC}") = "Bank.Test", "Bank.Test\Bank.Test.csproj", "{B874FDF5-9D69-4AAD-8882-22619D0E0696}"
EndProject
Project("{FAE04EC0-301F-11D3-BF4B-00C04F79EFBC}") = "Bank", "Bank\Bank.csproj", "{90A5C7AF-1665-4FAD-8444-F9056608EFF6}"
EndProject
Global
	GlobalSection(SolutionConfigurationPlatforms) = preSolution
		Debug|Any CPU = Debug|Any CPU
		Release|Any CPU = Release|Any CPU
	EndGlobalSection
	GlobalSection(ProjectConfigurationPlatforms) = postSolution
		{B874FDF5-9D69-4AAD-8882-22619D0E0696}.Debug|Any CPU.ActiveCfg = Debug|Any CPU
		{B874FDF5-9D69-4AAD-8882-22619D0E0696}.Debug|Any CPU.Build.0 = Debug|Any CPU
		{B874FDF5-9D69-4AAD-8882-22619D0E0696}.Release|Any CPU.ActiveCfg = Release|Any CPU
		{B874FDF5-9D69-4AAD-8882-22619D0E0696}.Release|Any CPU.Build.0 = Release|Any CPU
		{90A5C7AF-1665-4FAD-8444-F9056608EFF6}.Debug|Any CPU.ActiveCfg = Debug|Any CPU
		{90A5C7AF-1665-4FAD-8444-F9056608EFF6}.Debug|Any CPU.Build.0 = Debug|Any CPU
		{90A5C7AF-1665-4FAD-8444-F9056608EFF6}.Release|Any CPU.ActiveCfg = Release|Any CPU
		{90A5C7AF-1665-4FAD-8444-F9056608EFF6}.Release|Any CPU.Build.0 = Release|Any CPU
	EndGlobalSection
EndGlobal
